
Microsoft Visual Studio Solution File, Format Version 12.00
# Visual Studio 2015
Project("{FAE04EC0-301F-11D3-BF4B-00C04F79EFBC}") = "3D Ball", "3D Ball.csproj", "{48D3C995-928B-3D0F-E789-5E7235482BD7}"
EndProject
Global
	GlobalSection(SolutionConfigurationPlatforms) = preSolution
		Debug|Any CPU = Debug|Any CPU
		Release|Any CPU = Release|Any CPU
	EndGlobalSection
	GlobalSection(ProjectConfigurationPlatforms) = postSolution
		{48D3C995-928B-3D0F-E789-5E7235482BD7}.Debug|Any CPU.ActiveCfg = Debug|Any CPU
		{48D3C995-928B-3D0F-E789-5E7235482BD7}.Debug|Any CPU.Build.0 = Debug|Any CPU
		{48D3C995-928B-3D0F-E789-5E7235482BD7}.Release|Any CPU.ActiveCfg = Release|Any CPU
		{48D3C995-928B-3D0F-E789-5E7235482BD7}.Release|Any CPU.Build.0 = Release|Any CPU
	EndGlobalSection
	GlobalSection(SolutionProperties) = preSolution
		HideSolutionNode = FALSE
	EndGlobalSection
EndGlobal
